// !$*UTF8*$!
{
	archiveVersion = 1;
	classes = {
	};
	objectVersion = 55;
	objects = {

/* Begin PBXBuildFile section */
		1DF075BA282B77DC00F5CA27 /* ContentView.swift in Sources */ = {isa = PBXBuildFile; fileRef = 1DF075B9282B77DC00F5CA27 /* ContentView.swift */; };
		1DF075BC282B77DE00F5CA27 /* Assets.xcassets in Resources */ = {isa = PBXBuildFile; fileRef = 1DF075BB282B77DE00F5CA27 /* Assets.xcassets */; };
		1DF075BF282B77DE00F5CA27 /* Preview Assets.xcassets in Resources */ = {isa = PBXBuildFile; fileRef = 1DF075BE282B77DE00F5CA27 /* Preview Assets.xcassets */; };
		1DF075C7282B77EE00F5CA27 /* SwiftUINavigator in Frameworks */ = {isa = PBXBuildFile; productRef = 1DF075C6282B77EE00F5CA27 /* SwiftUINavigator */; };
		1DF075E7282B797200F5CA27 /* TasksManager.swift in Sources */ = {isa = PBXBuildFile; fileRef = 1DF075D4282B797200F5CA27 /* TasksManager.swift */; };
		1DF075E8282B797200F5CA27 /* TasksList.swift in Sources */ = {isa = PBXBuildFile; fileRef = 1DF075D6282B797200F5CA27 /* TasksList.swift */; };
		1DF075E9282B797200F5CA27 /* TaskItem.swift in Sources */ = {isa = PBXBuildFile; fileRef = 1DF075D7282B797200F5CA27 /* TaskItem.swift */; };
		1DF075EA282B797200F5CA27 /* Theme.swift in Sources */ = {isa = PBXBuildFile; fileRef = 1DF075D8282B797200F5CA27 /* Theme.swift */; };
		1DF075EB282B797200F5CA27 /* todoapp_otusApp.swift in Sources */ = {isa = PBXBuildFile; fileRef = 1DF075D9282B797200F5CA27 /* todoapp_otusApp.swift */; };
		1DF075EC282B797200F5CA27 /* TasksStorage.swift in Sources */ = {isa = PBXBuildFile; fileRef = 1DF075DA282B797200F5CA27 /* TasksStorage.swift */; };
		1DF075ED282B797200F5CA27 /* Date+String.swift in Sources */ = {isa = PBXBuildFile; fileRef = 1DF075DC282B797200F5CA27 /* Date+String.swift */; };
		1DF075EE282B797200F5CA27 /* TasksListViewModel.swift in Sources */ = {isa = PBXBuildFile; fileRef = 1DF075DE282B797200F5CA27 /* TasksListViewModel.swift */; };
		1DF075EF282B797200F5CA27 /* TodoView.swift in Sources */ = {isa = PBXBuildFile; fileRef = 1DF075DF282B797200F5CA27 /* TodoView.swift */; };
		1DF075F0282B797200F5CA27 /* NewTaskList.swift in Sources */ = {isa = PBXBuildFile; fileRef = 1DF075E0282B797200F5CA27 /* NewTaskList.swift */; };
		1DF075F1282B797200F5CA27 /* TaskRow.swift in Sources */ = {isa = PBXBuildFile; fileRef = 1DF075E1282B797200F5CA27 /* TaskRow.swift */; };
		1DF075F2282B797200F5CA27 /* TodoListView.swift in Sources */ = {isa = PBXBuildFile; fileRef = 1DF075E2282B797200F5CA27 /* TodoListView.swift */; };
		1DF075F3282B797200F5CA27 /* TaskListRow.swift in Sources */ = {isa = PBXBuildFile; fileRef = 1DF075E3282B797200F5CA27 /* TaskListRow.swift */; };
		1DF075F4282B797200F5CA27 /* TasksListView.swift in Sources */ = {isa = PBXBuildFile; fileRef = 1DF075E4282B797200F5CA27 /* TasksListView.swift */; };
		1DF075F5282B797200F5CA27 /* NewTaskView.swift in Sources */ = {isa = PBXBuildFile; fileRef = 1DF075E5282B797200F5CA27 /* NewTaskView.swift */; };
		1DF075F6282B797200F5CA27 /* PriorityView.swift in Sources */ = {isa = PBXBuildFile; fileRef = 1DF075E6282B797200F5CA27 /* PriorityView.swift */; };
		1DF075F8282B79F800F5CA27 /* TodoItemView.swift in Sources */ = {isa = PBXBuildFile; fileRef = 1DF075F7282B79F800F5CA27 /* TodoItemView.swift */; };
		1DF075FD282B807900F5CA27 /* CategoryCard.swift in Sources */ = {isa = PBXBuildFile; fileRef = 1DF075FB282B807900F5CA27 /* CategoryCard.swift */; };
		1DF075FE282B807900F5CA27 /* ItemRow.swift in Sources */ = {isa = PBXBuildFile; fileRef = 1DF075FC282B807900F5CA27 /* ItemRow.swift */; };
		1DF07600282B914800F5CA27 /* ItemDescriptionTextEditor.swift in Sources */ = {isa = PBXBuildFile; fileRef = 1DF075FF282B914700F5CA27 /* ItemDescriptionTextEditor.swift */; };
		1DF07675282C312200F5CA27 /* WidgetKit.framework in Frameworks */ = {isa = PBXBuildFile; fileRef = 1DF07674282C312200F5CA27 /* WidgetKit.framework */; };
		1DF07677282C312200F5CA27 /* SwiftUI.framework in Frameworks */ = {isa = PBXBuildFile; fileRef = 1DF07676282C312200F5CA27 /* SwiftUI.framework */; };
		1DF0767A282C312200F5CA27 /* TodoList.swift in Sources */ = {isa = PBXBuildFile; fileRef = 1DF07679282C312200F5CA27 /* TodoList.swift */; };
		1DF0767C282C312300F5CA27 /* Assets.xcassets in Resources */ = {isa = PBXBuildFile; fileRef = 1DF0767B282C312300F5CA27 /* Assets.xcassets */; };
		1DF07680282C312300F5CA27 /* TodoListExtension.appex in Embed App Extensions */ = {isa = PBXBuildFile; fileRef = 1DF07672282C312200F5CA27 /* TodoListExtension.appex */; settings = {ATTRIBUTES = (RemoveHeadersOnCopy, ); }; };
		1DF07687282C316000F5CA27 /* TodoListEntryView.swift in Sources */ = {isa = PBXBuildFile; fileRef = 1DF07685282C314B00F5CA27 /* TodoListEntryView.swift */; };
		1DF07688282C324C00F5CA27 /* TaskItem.swift in Sources */ = {isa = PBXBuildFile; fileRef = 1DF075D7282B797200F5CA27 /* TaskItem.swift */; };
		1DF07689282C325000F5CA27 /* TasksList.swift in Sources */ = {isa = PBXBuildFile; fileRef = 1DF075D6282B797200F5CA27 /* TasksList.swift */; };
		1DF0768A282C325400F5CA27 /* Theme.swift in Sources */ = {isa = PBXBuildFile; fileRef = 1DF075D8282B797200F5CA27 /* Theme.swift */; };
		1DF0768C282C32AD00F5CA27 /* TasksManager.swift in Sources */ = {isa = PBXBuildFile; fileRef = 1DF075D4282B797200F5CA27 /* TasksManager.swift */; };
		1DF0768E282C32C000F5CA27 /* Date+String.swift in Sources */ = {isa = PBXBuildFile; fileRef = 1DF075DC282B797200F5CA27 /* Date+String.swift */; };
		1DF0768F282C38BE00F5CA27 /* TasksStorage.swift in Sources */ = {isa = PBXBuildFile; fileRef = 1DF075DA282B797200F5CA27 /* TasksStorage.swift */; };
/* End PBXBuildFile section */

/* Begin PBXContainerItemProxy section */
		1DF0767E282C312300F5CA27 /* PBXContainerItemProxy */ = {
			isa = PBXContainerItemProxy;
			containerPortal = 1DF075AC282B77DC00F5CA27 /* Project object */;
			proxyType = 1;
			remoteGlobalIDString = 1DF07671282C312200F5CA27;
			remoteInfo = TodoListExtension;
		};
/* End PBXContainerItemProxy section */

/* Begin PBXCopyFilesBuildPhase section */
		1DF07684282C312300F5CA27 /* Embed App Extensions */ = {
			isa = PBXCopyFilesBuildPhase;
			buildActionMask = 2147483647;
			dstPath = "";
			dstSubfolderSpec = 13;
			files = (
				1DF07680282C312300F5CA27 /* TodoListExtension.appex in Embed App Extensions */,
			);
			name = "Embed App Extensions";
			runOnlyForDeploymentPostprocessing = 0;
		};
/* End PBXCopyFilesBuildPhase section */

/* Begin PBXFileReference section */
		1DF075B4282B77DC00F5CA27 /* todo.app */ = {isa = PBXFileReference; explicitFileType = wrapper.application; includeInIndex = 0; path = todo.app; sourceTree = BUILT_PRODUCTS_DIR; };
		1DF075B9282B77DC00F5CA27 /* ContentView.swift */ = {isa = PBXFileReference; lastKnownFileType = sourcecode.swift; path = ContentView.swift; sourceTree = "<group>"; };
		1DF075BB282B77DE00F5CA27 /* Assets.xcassets */ = {isa = PBXFileReference; lastKnownFileType = folder.assetcatalog; path = Assets.xcassets; sourceTree = "<group>"; };
		1DF075BE282B77DE00F5CA27 /* Preview Assets.xcassets */ = {isa = PBXFileReference; lastKnownFileType = folder.assetcatalog; path = "Preview Assets.xcassets"; sourceTree = "<group>"; };
		1DF075D4282B797200F5CA27 /* TasksManager.swift */ = {isa = PBXFileReference; fileEncoding = 4; lastKnownFileType = sourcecode.swift; path = TasksManager.swift; sourceTree = "<group>"; };
		1DF075D6282B797200F5CA27 /* TasksList.swift */ = {isa = PBXFileReference; fileEncoding = 4; lastKnownFileType = sourcecode.swift; path = TasksList.swift; sourceTree = "<group>"; };
		1DF075D7282B797200F5CA27 /* TaskItem.swift */ = {isa = PBXFileReference; fileEncoding = 4; lastKnownFileType = sourcecode.swift; path = TaskItem.swift; sourceTree = "<group>"; };
		1DF075D8282B797200F5CA27 /* Theme.swift */ = {isa = PBXFileReference; fileEncoding = 4; lastKnownFileType = sourcecode.swift; path = Theme.swift; sourceTree = "<group>"; };
		1DF075D9282B797200F5CA27 /* todoapp_otusApp.swift */ = {isa = PBXFileReference; fileEncoding = 4; lastKnownFileType = sourcecode.swift; path = todoapp_otusApp.swift; sourceTree = "<group>"; };
		1DF075DA282B797200F5CA27 /* TasksStorage.swift */ = {isa = PBXFileReference; fileEncoding = 4; lastKnownFileType = sourcecode.swift; path = TasksStorage.swift; sourceTree = "<group>"; };
		1DF075DC282B797200F5CA27 /* Date+String.swift */ = {isa = PBXFileReference; fileEncoding = 4; lastKnownFileType = sourcecode.swift; path = "Date+String.swift"; sourceTree = "<group>"; };
		1DF075DE282B797200F5CA27 /* TasksListViewModel.swift */ = {isa = PBXFileReference; fileEncoding = 4; lastKnownFileType = sourcecode.swift; path = TasksListViewModel.swift; sourceTree = "<group>"; };
		1DF075DF282B797200F5CA27 /* TodoView.swift */ = {isa = PBXFileReference; fileEncoding = 4; lastKnownFileType = sourcecode.swift; path = TodoView.swift; sourceTree = "<group>"; };
		1DF075E0282B797200F5CA27 /* NewTaskList.swift */ = {isa = PBXFileReference; fileEncoding = 4; lastKnownFileType = sourcecode.swift; path = NewTaskList.swift; sourceTree = "<group>"; };
		1DF075E1282B797200F5CA27 /* TaskRow.swift */ = {isa = PBXFileReference; fileEncoding = 4; lastKnownFileType = sourcecode.swift; path = TaskRow.swift; sourceTree = "<group>"; };
		1DF075E2282B797200F5CA27 /* TodoListView.swift */ = {isa = PBXFileReference; fileEncoding = 4; lastKnownFileType = sourcecode.swift; path = TodoListView.swift; sourceTree = "<group>"; };
		1DF075E3282B797200F5CA27 /* TaskListRow.swift */ = {isa = PBXFileReference; fileEncoding = 4; lastKnownFileType = sourcecode.swift; path = TaskListRow.swift; sourceTree = "<group>"; };
		1DF075E4282B797200F5CA27 /* TasksListView.swift */ = {isa = PBXFileReference; fileEncoding = 4; lastKnownFileType = sourcecode.swift; path = TasksListView.swift; sourceTree = "<group>"; };
		1DF075E5282B797200F5CA27 /* NewTaskView.swift */ = {isa = PBXFileReference; fileEncoding = 4; lastKnownFileType = sourcecode.swift; path = NewTaskView.swift; sourceTree = "<group>"; };
		1DF075E6282B797200F5CA27 /* PriorityView.swift */ = {isa = PBXFileReference; fileEncoding = 4; lastKnownFileType = sourcecode.swift; path = PriorityView.swift; sourceTree = "<group>"; };
		1DF075F7282B79F800F5CA27 /* TodoItemView.swift */ = {isa = PBXFileReference; lastKnownFileType = sourcecode.swift; path = TodoItemView.swift; sourceTree = "<group>"; };
		1DF075FB282B807900F5CA27 /* CategoryCard.swift */ = {isa = PBXFileReference; fileEncoding = 4; lastKnownFileType = sourcecode.swift; name = CategoryCard.swift; path = todo/CategoryCard.swift; sourceTree = SOURCE_ROOT; };
		1DF075FC282B807900F5CA27 /* ItemRow.swift */ = {isa = PBXFileReference; fileEncoding = 4; lastKnownFileType = sourcecode.swift; name = ItemRow.swift; path = todo/ItemRow.swift; sourceTree = SOURCE_ROOT; };
		1DF075FF282B914700F5CA27 /* ItemDescriptionTextEditor.swift */ = {isa = PBXFileReference; fileEncoding = 4; lastKnownFileType = sourcecode.swift; name = ItemDescriptionTextEditor.swift; path = todo/ItemDescriptionTextEditor.swift; sourceTree = SOURCE_ROOT; };
		1DF07672282C312200F5CA27 /* TodoListExtension.appex */ = {isa = PBXFileReference; explicitFileType = "wrapper.app-extension"; includeInIndex = 0; path = TodoListExtension.appex; sourceTree = BUILT_PRODUCTS_DIR; };
		1DF07674282C312200F5CA27 /* WidgetKit.framework */ = {isa = PBXFileReference; lastKnownFileType = wrapper.framework; name = WidgetKit.framework; path = System/Library/Frameworks/WidgetKit.framework; sourceTree = SDKROOT; };
		1DF07676282C312200F5CA27 /* SwiftUI.framework */ = {isa = PBXFileReference; lastKnownFileType = wrapper.framework; name = SwiftUI.framework; path = System/Library/Frameworks/SwiftUI.framework; sourceTree = SDKROOT; };
		1DF07679282C312200F5CA27 /* TodoList.swift */ = {isa = PBXFileReference; lastKnownFileType = sourcecode.swift; path = TodoList.swift; sourceTree = "<group>"; };
		1DF0767B282C312300F5CA27 /* Assets.xcassets */ = {isa = PBXFileReference; lastKnownFileType = folder.assetcatalog; path = Assets.xcassets; sourceTree = "<group>"; };
		1DF0767D282C312300F5CA27 /* Info.plist */ = {isa = PBXFileReference; lastKnownFileType = text.plist.xml; path = Info.plist; sourceTree = "<group>"; };
		1DF07685282C314B00F5CA27 /* TodoListEntryView.swift */ = {isa = PBXFileReference; lastKnownFileType = sourcecode.swift; path = TodoListEntryView.swift; sourceTree = "<group>"; };
		1DF07690282C41F900F5CA27 /* TodoListExtension.entitlements */ = {isa = PBXFileReference; lastKnownFileType = text.plist.entitlements; path = TodoListExtension.entitlements; sourceTree = "<group>"; };
/* End PBXFileReference section */

/* Begin PBXFrameworksBuildPhase section */
		1DF075B1282B77DC00F5CA27 /* Frameworks */ = {
			isa = PBXFrameworksBuildPhase;
			buildActionMask = 2147483647;
			files = (
				1DF075C7282B77EE00F5CA27 /* SwiftUINavigator in Frameworks */,
			);
			runOnlyForDeploymentPostprocessing = 0;
		};
		1DF0766F282C312200F5CA27 /* Frameworks */ = {
			isa = PBXFrameworksBuildPhase;
			buildActionMask = 2147483647;
			files = (
				1DF07677282C312200F5CA27 /* SwiftUI.framework in Frameworks */,
				1DF07675282C312200F5CA27 /* WidgetKit.framework in Frameworks */,
			);
			runOnlyForDeploymentPostprocessing = 0;
		};
/* End PBXFrameworksBuildPhase section */

/* Begin PBXGroup section */
		1DF075AB282B77DC00F5CA27 = {
			isa = PBXGroup;
			children = (
				1DF07690282C41F900F5CA27 /* TodoListExtension.entitlements */,
				1DF075B6282B77DC00F5CA27 /* todo */,
				1DF07678282C312200F5CA27 /* TodoList */,
				1DF07673282C312200F5CA27 /* Frameworks */,
				1DF075B5282B77DC00F5CA27 /* Products */,
			);
			sourceTree = "<group>";
		};
		1DF075B5282B77DC00F5CA27 /* Products */ = {
			isa = PBXGroup;
			children = (
				1DF075B4282B77DC00F5CA27 /* todo.app */,
				1DF07672282C312200F5CA27 /* TodoListExtension.appex */,
			);
			name = Products;
			sourceTree = "<group>";
		};
		1DF075B6282B77DC00F5CA27 /* todo */ = {
			isa = PBXGroup;
			children = (
				1DF075D5282B797200F5CA27 /* data */,
				1DF075DD282B797200F5CA27 /* taskslist */,
				1DF075D4282B797200F5CA27 /* TasksManager.swift */,
				1DF075DA282B797200F5CA27 /* TasksStorage.swift */,
				1DF075D9282B797200F5CA27 /* todoapp_otusApp.swift */,
				1DF075DB282B797200F5CA27 /* util */,
				1DF075B9282B77DC00F5CA27 /* ContentView.swift */,
				1DF075BB282B77DE00F5CA27 /* Assets.xcassets */,
				1DF075BD282B77DE00F5CA27 /* Preview Content */,
			);
			path = todo;
			sourceTree = "<group>";
		};
		1DF075BD282B77DE00F5CA27 /* Preview Content */ = {
			isa = PBXGroup;
			children = (
				1DF075BE282B77DE00F5CA27 /* Preview Assets.xcassets */,
			);
			path = "Preview Content";
			sourceTree = "<group>";
		};
		1DF075D5282B797200F5CA27 /* data */ = {
			isa = PBXGroup;
			children = (
				1DF075D6282B797200F5CA27 /* TasksList.swift */,
				1DF075D7282B797200F5CA27 /* TaskItem.swift */,
				1DF075D8282B797200F5CA27 /* Theme.swift */,
			);
			path = data;
			sourceTree = "<group>";
		};
		1DF075DB282B797200F5CA27 /* util */ = {
			isa = PBXGroup;
			children = (
				1DF075DC282B797200F5CA27 /* Date+String.swift */,
			);
			path = util;
			sourceTree = "<group>";
		};
		1DF075DD282B797200F5CA27 /* taskslist */ = {
			isa = PBXGroup;
			children = (
				1DF075FF282B914700F5CA27 /* ItemDescriptionTextEditor.swift */,
				1DF075FB282B807900F5CA27 /* CategoryCard.swift */,
				1DF075FC282B807900F5CA27 /* ItemRow.swift */,
				1DF075DE282B797200F5CA27 /* TasksListViewModel.swift */,
				1DF075DF282B797200F5CA27 /* TodoView.swift */,
				1DF075E0282B797200F5CA27 /* NewTaskList.swift */,
				1DF075E1282B797200F5CA27 /* TaskRow.swift */,
				1DF075E2282B797200F5CA27 /* TodoListView.swift */,
				1DF075E3282B797200F5CA27 /* TaskListRow.swift */,
				1DF075E4282B797200F5CA27 /* TasksListView.swift */,
				1DF075E5282B797200F5CA27 /* NewTaskView.swift */,
				1DF075E6282B797200F5CA27 /* PriorityView.swift */,
				1DF075F7282B79F800F5CA27 /* TodoItemView.swift */,
			);
			path = taskslist;
			sourceTree = "<group>";
		};
		1DF07673282C312200F5CA27 /* Frameworks */ = {
			isa = PBXGroup;
			children = (
				1DF07674282C312200F5CA27 /* WidgetKit.framework */,
				1DF07676282C312200F5CA27 /* SwiftUI.framework */,
			);
			name = Frameworks;
			sourceTree = "<group>";
		};
		1DF07678282C312200F5CA27 /* TodoList */ = {
			isa = PBXGroup;
			children = (
				1DF07679282C312200F5CA27 /* TodoList.swift */,
				1DF0767B282C312300F5CA27 /* Assets.xcassets */,
				1DF0767D282C312300F5CA27 /* Info.plist */,
				1DF07685282C314B00F5CA27 /* TodoListEntryView.swift */,
			);
			path = TodoList;
			sourceTree = "<group>";
		};
/* End PBXGroup section */

/* Begin PBXNativeTarget section */
		1DF075B3282B77DC00F5CA27 /* todo */ = {
			isa = PBXNativeTarget;
			buildConfigurationList = 1DF075C2282B77DE00F5CA27 /* Build configuration list for PBXNativeTarget "todo" */;
			buildPhases = (
				1DF075B0282B77DC00F5CA27 /* Sources */,
				1DF075B1282B77DC00F5CA27 /* Frameworks */,
				1DF075B2282B77DC00F5CA27 /* Resources */,
				1DF07684282C312300F5CA27 /* Embed App Extensions */,
			);
			buildRules = (
			);
			dependencies = (
				1DF0767F282C312300F5CA27 /* PBXTargetDependency */,
			);
			name = todo;
			packageProductDependencies = (
				1DF075C6282B77EE00F5CA27 /* SwiftUINavigator */,
			);
			productName = todo;
			productReference = 1DF075B4282B77DC00F5CA27 /* todo.app */;
			productType = "com.apple.product-type.application";
		};
		1DF07671282C312200F5CA27 /* TodoListExtension */ = {
			isa = PBXNativeTarget;
			buildConfigurationList = 1DF07681282C312300F5CA27 /* Build configuration list for PBXNativeTarget "TodoListExtension" */;
			buildPhases = (
				1DF0766E282C312200F5CA27 /* Sources */,
				1DF0766F282C312200F5CA27 /* Frameworks */,
				1DF07670282C312200F5CA27 /* Resources */,
			);
			buildRules = (
			);
			dependencies = (
			);
			name = TodoListExtension;
			productName = TodoListExtension;
			productReference = 1DF07672282C312200F5CA27 /* TodoListExtension.appex */;
			productType = "com.apple.product-type.app-extension";
		};
/* End PBXNativeTarget section */

/* Begin PBXProject section */
		1DF075AC282B77DC00F5CA27 /* Project object */ = {
			isa = PBXProject;
			attributes = {
				BuildIndependentTargetsInParallel = 1;
				LastSwiftUpdateCheck = 1320;
				LastUpgradeCheck = 1320;
				TargetAttributes = {
					1DF075B3282B77DC00F5CA27 = {
						CreatedOnToolsVersion = 13.2.1;
					};
					1DF07671282C312200F5CA27 = {
						CreatedOnToolsVersion = 13.2.1;
					};
				};
			};
			buildConfigurationList = 1DF075AF282B77DC00F5CA27 /* Build configuration list for PBXProject "todo" */;
			compatibilityVersion = "Xcode 13.0";
			developmentRegion = en;
			hasScannedForEncodings = 0;
			knownRegions = (
				en,
				Base,
			);
			mainGroup = 1DF075AB282B77DC00F5CA27;
			packageReferences = (
				1DF075C5282B77EE00F5CA27 /* XCRemoteSwiftPackageReference "swiftuinavigator" */,
			);
			productRefGroup = 1DF075B5282B77DC00F5CA27 /* Products */;
			projectDirPath = "";
			projectRoot = "";
			targets = (
				1DF075B3282B77DC00F5CA27 /* todo */,
				1DF07671282C312200F5CA27 /* TodoListExtension */,
			);
		};
/* End PBXProject section */

/* Begin PBXResourcesBuildPhase section */
		1DF075B2282B77DC00F5CA27 /* Resources */ = {
			isa = PBXResourcesBuildPhase;
			buildActionMask = 2147483647;
			files = (
				1DF075BF282B77DE00F5CA27 /* Preview Assets.xcassets in Resources */,
				1DF075BC282B77DE00F5CA27 /* Assets.xcassets in Resources */,
			);
			runOnlyForDeploymentPostprocessing = 0;
		};
		1DF07670282C312200F5CA27 /* Resources */ = {
			isa = PBXResourcesBuildPhase;
			buildActionMask = 2147483647;
			files = (
				1DF0767C282C312300F5CA27 /* Assets.xcassets in Resources */,
			);
			runOnlyForDeploymentPostprocessing = 0;
		};
/* End PBXResourcesBuildPhase section */

/* Begin PBXSourcesBuildPhase section */
		1DF075B0282B77DC00F5CA27 /* Sources */ = {
			isa = PBXSourcesBuildPhase;
			buildActionMask = 2147483647;
			files = (
				1DF075E8282B797200F5CA27 /* TasksList.swift in Sources */,
				1DF075E7282B797200F5CA27 /* TasksManager.swift in Sources */,
				1DF075EF282B797200F5CA27 /* TodoView.swift in Sources */,
				1DF075F3282B797200F5CA27 /* TaskListRow.swift in Sources */,
				1DF07600282B914800F5CA27 /* ItemDescriptionTextEditor.swift in Sources */,
				1DF075F6282B797200F5CA27 /* PriorityView.swift in Sources */,
				1DF075FD282B807900F5CA27 /* CategoryCard.swift in Sources */,
				1DF075F8282B79F800F5CA27 /* TodoItemView.swift in Sources */,
				1DF075FE282B807900F5CA27 /* ItemRow.swift in Sources */,
				1DF075F5282B797200F5CA27 /* NewTaskView.swift in Sources */,
				1DF075F2282B797200F5CA27 /* TodoListView.swift in Sources */,
				1DF075F1282B797200F5CA27 /* TaskRow.swift in Sources */,
				1DF075F4282B797200F5CA27 /* TasksListView.swift in Sources */,
				1DF075EE282B797200F5CA27 /* TasksListViewModel.swift in Sources */,
				1DF075EA282B797200F5CA27 /* Theme.swift in Sources */,
				1DF075BA282B77DC00F5CA27 /* ContentView.swift in Sources */,
				1DF075ED282B797200F5CA27 /* Date+String.swift in Sources */,
				1DF075F0282B797200F5CA27 /* NewTaskList.swift in Sources */,
				1DF075EB282B797200F5CA27 /* todoapp_otusApp.swift in Sources */,
				1DF075EC282B797200F5CA27 /* TasksStorage.swift in Sources */,
				1DF075E9282B797200F5CA27 /* TaskItem.swift in Sources */,
			);
			runOnlyForDeploymentPostprocessing = 0;
		};
		1DF0766E282C312200F5CA27 /* Sources */ = {
			isa = PBXSourcesBuildPhase;
			buildActionMask = 2147483647;
			files = (
				1DF0768F282C38BE00F5CA27 /* TasksStorage.swift in Sources */,
				1DF07689282C325000F5CA27 /* TasksList.swift in Sources */,
				1DF0768C282C32AD00F5CA27 /* TasksManager.swift in Sources */,
				1DF0767A282C312200F5CA27 /* TodoList.swift in Sources */,
				1DF0768A282C325400F5CA27 /* Theme.swift in Sources */,
				1DF0768E282C32C000F5CA27 /* Date+String.swift in Sources */,
				1DF07688282C324C00F5CA27 /* TaskItem.swift in Sources */,
				1DF07687282C316000F5CA27 /* TodoListEntryView.swift in Sources */,
			);
			runOnlyForDeploymentPostprocessing = 0;
		};
/* End PBXSourcesBuildPhase section */

/* Begin PBXTargetDependency section */
		1DF0767F282C312300F5CA27 /* PBXTargetDependency */ = {
			isa = PBXTargetDependency;
			target = 1DF07671282C312200F5CA27 /* TodoListExtension */;
			targetProxy = 1DF0767E282C312300F5CA27 /* PBXContainerItemProxy */;
		};
/* End PBXTargetDependency section */

/* Begin XCBuildConfiguration section */
		1DF075C0282B77DE00F5CA27 /* Debug */ = {
			isa = XCBuildConfiguration;
			buildSettings = {
				ALWAYS_SEARCH_USER_PATHS = NO;
				CLANG_ANALYZER_NONNULL = YES;
				CLANG_ANALYZER_NUMBER_OBJECT_CONVERSION = YES_AGGRESSIVE;
				CLANG_CXX_LANGUAGE_STANDARD = "gnu++17";
				CLANG_CXX_LIBRARY = "libc++";
				CLANG_ENABLE_MODULES = YES;
				CLANG_ENABLE_OBJC_ARC = YES;
				CLANG_ENABLE_OBJC_WEAK = YES;
				CLANG_WARN_BLOCK_CAPTURE_AUTORELEASING = YES;
				CLANG_WARN_BOOL_CONVERSION = YES;
				CLANG_WARN_COMMA = YES;
				CLANG_WARN_CONSTANT_CONVERSION = YES;
				CLANG_WARN_DEPRECATED_OBJC_IMPLEMENTATIONS = YES;
				CLANG_WARN_DIRECT_OBJC_ISA_USAGE = YES_ERROR;
				CLANG_WARN_DOCUMENTATION_COMMENTS = YES;
				CLANG_WARN_EMPTY_BODY = YES;
				CLANG_WARN_ENUM_CONVERSION = YES;
				CLANG_WARN_INFINITE_RECURSION = YES;
				CLANG_WARN_INT_CONVERSION = YES;
				CLANG_WARN_NON_LITERAL_NULL_CONVERSION = YES;
				CLANG_WARN_OBJC_IMPLICIT_RETAIN_SELF = YES;
				CLANG_WARN_OBJC_LITERAL_CONVERSION = YES;
				CLANG_WARN_OBJC_ROOT_CLASS = YES_ERROR;
				CLANG_WARN_QUOTED_INCLUDE_IN_FRAMEWORK_HEADER = YES;
				CLANG_WARN_RANGE_LOOP_ANALYSIS = YES;
				CLANG_WARN_STRICT_PROTOTYPES = YES;
				CLANG_WARN_SUSPICIOUS_MOVE = YES;
				CLANG_WARN_UNGUARDED_AVAILABILITY = YES_AGGRESSIVE;
				CLANG_WARN_UNREACHABLE_CODE = YES;
				CLANG_WARN__DUPLICATE_METHOD_MATCH = YES;
				COPY_PHASE_STRIP = NO;
				DEBUG_INFORMATION_FORMAT = dwarf;
				ENABLE_STRICT_OBJC_MSGSEND = YES;
				ENABLE_TESTABILITY = YES;
				GCC_C_LANGUAGE_STANDARD = gnu11;
				GCC_DYNAMIC_NO_PIC = NO;
				GCC_NO_COMMON_BLOCKS = YES;
				GCC_OPTIMIZATION_LEVEL = 0;
				GCC_PREPROCESSOR_DEFINITIONS = (
					"DEBUG=1",
					"$(inherited)",
				);
				GCC_WARN_64_TO_32_BIT_CONVERSION = YES;
				GCC_WARN_ABOUT_RETURN_TYPE = YES_ERROR;
				GCC_WARN_UNDECLARED_SELECTOR = YES;
				GCC_WARN_UNINITIALIZED_AUTOS = YES_AGGRESSIVE;
				GCC_WARN_UNUSED_FUNCTION = YES;
				GCC_WARN_UNUSED_VARIABLE = YES;
				IPHONEOS_DEPLOYMENT_TARGET = 15.2;
				MTL_ENABLE_DEBUG_INFO = INCLUDE_SOURCE;
				MTL_FAST_MATH = YES;
				ONLY_ACTIVE_ARCH = YES;
				SDKROOT = iphoneos;
				SWIFT_ACTIVE_COMPILATION_CONDITIONS = DEBUG;
				SWIFT_OPTIMIZATION_LEVEL = "-Onone";
			};
			name = Debug;
		};
		1DF075C1282B77DE00F5CA27 /* Release */ = {
			isa = XCBuildConfiguration;
			buildSettings = {
				ALWAYS_SEARCH_USER_PATHS = NO;
				CLANG_ANALYZER_NONNULL = YES;
				CLANG_ANALYZER_NUMBER_OBJECT_CONVERSION = YES_AGGRESSIVE;
				CLANG_CXX_LANGUAGE_STANDARD = "gnu++17";
				CLANG_CXX_LIBRARY = "libc++";
				CLANG_ENABLE_MODULES = YES;
				CLANG_ENABLE_OBJC_ARC = YES;
				CLANG_ENABLE_OBJC_WEAK = YES;
				CLANG_WARN_BLOCK_CAPTURE_AUTORELEASING = YES;
				CLANG_WARN_BOOL_CONVERSION = YES;
				CLANG_WARN_COMMA = YES;
				CLANG_WARN_CONSTANT_CONVERSION = YES;
				CLANG_WARN_DEPRECATED_OBJC_IMPLEMENTATIONS = YES;
				CLANG_WARN_DIRECT_OBJC_ISA_USAGE = YES_ERROR;
				CLANG_WARN_DOCUMENTATION_COMMENTS = YES;
				CLANG_WARN_EMPTY_BODY = YES;
				CLANG_WARN_ENUM_CONVERSION = YES;
				CLANG_WARN_INFINITE_RECURSION = YES;
				CLANG_WARN_INT_CONVERSION = YES;
				CLANG_WARN_NON_LITERAL_NULL_CONVERSION = YES;
				CLANG_WARN_OBJC_IMPLICIT_RETAIN_SELF = YES;
				CLANG_WARN_OBJC_LITERAL_CONVERSION = YES;
				CLANG_WARN_OBJC_ROOT_CLASS = YES_ERROR;
				CLANG_WARN_QUOTED_INCLUDE_IN_FRAMEWORK_HEADER = YES;
				CLANG_WARN_RANGE_LOOP_ANALYSIS = YES;
				CLANG_WARN_STRICT_PROTOTYPES = YES;
				CLANG_WARN_SUSPICIOUS_MOVE = YES;
				CLANG_WARN_UNGUARDED_AVAILABILITY = YES_AGGRESSIVE;
				CLANG_WARN_UNREACHABLE_CODE = YES;
				CLANG_WARN__DUPLICATE_METHOD_MATCH = YES;
				COPY_PHASE_STRIP = NO;
				DEBUG_INFORMATION_FORMAT = "dwarf-with-dsym";
				ENABLE_NS_ASSERTIONS = NO;
				ENABLE_STRICT_OBJC_MSGSEND = YES;
				GCC_C_LANGUAGE_STANDARD = gnu11;
				GCC_NO_COMMON_BLOCKS = YES;
				GCC_WARN_64_TO_32_BIT_CONVERSION = YES;
				GCC_WARN_ABOUT_RETURN_TYPE = YES_ERROR;
				GCC_WARN_UNDECLARED_SELECTOR = YES;
				GCC_WARN_UNINITIALIZED_AUTOS = YES_AGGRESSIVE;
				GCC_WARN_UNUSED_FUNCTION = YES;
				GCC_WARN_UNUSED_VARIABLE = YES;
				IPHONEOS_DEPLOYMENT_TARGET = 15.2;
				MTL_ENABLE_DEBUG_INFO = NO;
				MTL_FAST_MATH = YES;
				SDKROOT = iphoneos;
				SWIFT_COMPILATION_MODE = wholemodule;
				SWIFT_OPTIMIZATION_LEVEL = "-O";
				VALIDATE_PRODUCT = YES;
			};
			name = Release;
		};
		1DF075C3282B77DE00F5CA27 /* Debug */ = {
			isa = XCBuildConfiguration;
			buildSettings = {
				ALWAYS_EMBED_SWIFT_STANDARD_LIBRARIES = YES;
				ASSETCATALOG_COMPILER_APPICON_NAME = AppIcon;
				ASSETCATALOG_COMPILER_GLOBAL_ACCENT_COLOR_NAME = AccentColor;
				CODE_SIGN_STYLE = Automatic;
				CURRENT_PROJECT_VERSION = 1;
				DEVELOPMENT_ASSET_PATHS = "\"todo/Preview Content\"";
				DEVELOPMENT_TEAM = 7848QT82M4;
				ENABLE_PREVIEWS = YES;
				GENERATE_INFOPLIST_FILE = YES;
				INFOPLIST_KEY_UIApplicationSceneManifest_Generation = YES;
				INFOPLIST_KEY_UIApplicationSupportsIndirectInputEvents = YES;
				INFOPLIST_KEY_UILaunchScreen_Generation = YES;
				INFOPLIST_KEY_UISupportedInterfaceOrientations_iPad = "UIInterfaceOrientationPortrait UIInterfaceOrientationPortraitUpsideDown UIInterfaceOrientationLandscapeLeft UIInterfaceOrientationLandscapeRight";
				INFOPLIST_KEY_UISupportedInterfaceOrientations_iPhone = "UIInterfaceOrientationPortrait UIInterfaceOrientationLandscapeLeft UIInterfaceOrientationLandscapeRight";
				LD_RUNPATH_SEARCH_PATHS = (
					"$(inherited)",
					"@executable_path/Frameworks",
				);
				MARKETING_VERSION = 1.0;
				PRODUCT_BUNDLE_IDENTIFIER = ru.azharkova.todo;
				PRODUCT_NAME = "$(TARGET_NAME)";
				SWIFT_EMIT_LOC_STRINGS = YES;
				SWIFT_VERSION = 5.0;
				TARGETED_DEVICE_FAMILY = "1,2";
			};
			name = Debug;
		};
		1DF075C4282B77DE00F5CA27 /* Release */ = {
			isa = XCBuildConfiguration;
			buildSettings = {
				ALWAYS_EMBED_SWIFT_STANDARD_LIBRARIES = YES;
				ASSETCATALOG_COMPILER_APPICON_NAME = AppIcon;
				ASSETCATALOG_COMPILER_GLOBAL_ACCENT_COLOR_NAME = AccentColor;
				CODE_SIGN_STYLE = Automatic;
				CURRENT_PROJECT_VERSION = 1;
				DEVELOPMENT_ASSET_PATHS = "\"todo/Preview Content\"";
				DEVELOPMENT_TEAM = 7848QT82M4;
				ENABLE_PREVIEWS = YES;
				GENERATE_INFOPLIST_FILE = YES;
				INFOPLIST_KEY_UIApplicationSceneManifest_Generation = YES;
				INFOPLIST_KEY_UIApplicationSupportsIndirectInputEvents = YES;
				INFOPLIST_KEY_UILaunchScreen_Generation = YES;
				INFOPLIST_KEY_UISupportedInterfaceOrientations_iPad = "UIInterfaceOrientationPortrait UIInterfaceOrientationPortraitUpsideDown UIInterfaceOrientationLandscapeLeft UIInterfaceOrientationLandscapeRight";
				INFOPLIST_KEY_UISupportedInterfaceOrientations_iPhone = "UIInterfaceOrientationPortrait UIInterfaceOrientationLandscapeLeft UIInterfaceOrientationLandscapeRight";
				LD_RUNPATH_SEARCH_PATHS = (
					"$(inherited)",
					"@executable_path/Frameworks",
				);
				MARKETING_VERSION = 1.0;
				PRODUCT_BUNDLE_IDENTIFIER = ru.azharkova.todo;
				PRODUCT_NAME = "$(TARGET_NAME)";
				SWIFT_EMIT_LOC_STRINGS = YES;
				SWIFT_VERSION = 5.0;
				TARGETED_DEVICE_FAMILY = "1,2";
			};
			name = Release;
		};
		1DF07682282C312300F5CA27 /* Debug */ = {
			isa = XCBuildConfiguration;
			buildSettings = {
				ASSETCATALOG_COMPILER_GLOBAL_ACCENT_COLOR_NAME = AccentColor;
				ASSETCATALOG_COMPILER_WIDGET_BACKGROUND_COLOR_NAME = WidgetBackground;
				CODE_SIGN_ENTITLEMENTS = TodoListExtension.entitlements;
				CODE_SIGN_STYLE = Automatic;
				CURRENT_PROJECT_VERSION = 1;
				DEVELOPMENT_TEAM = 7848QT82M4;
				GENERATE_INFOPLIST_FILE = YES;
				INFOPLIST_FILE = TodoList/Info.plist;
				INFOPLIST_KEY_CFBundleDisplayName = TodoList;
				INFOPLIST_KEY_NSHumanReadableCopyright = "";
				LD_RUNPATH_SEARCH_PATHS = (
					"$(inherited)",
					"@executable_path/Frameworks",
					"@executable_path/../../Frameworks",
				);
				MARKETING_VERSION = 1.0;
				PRODUCT_BUNDLE_IDENTIFIER = ru.azharkova.todo.TodoList;
				PRODUCT_NAME = "$(TARGET_NAME)";
				SKIP_INSTALL = YES;
				SWIFT_EMIT_LOC_STRINGS = YES;
				SWIFT_VERSION = 5.0;
				TARGETED_DEVICE_FAMILY = "1,2";
			};
			name = Debug;
		};
		1DF07683282C312300F5CA27 /* Release */ = {
			isa = XCBuildConfiguration;
			buildSettings = {
				ASSETCATALOG_COMPILER_GLOBAL_ACCENT_COLOR_NAME = AccentColor;
				ASSETCATALOG_COMPILER_WIDGET_BACKGROUND_COLOR_NAME = WidgetBackground;
				CODE_SIGN_ENTITLEMENTS = TodoListExtension.entitlements;
				CODE_SIGN_STYLE = Automatic;
				CURRENT_PROJECT_VERSION = 1;
				DEVELOPMENT_TEAM = 7848QT82M4;
				GENERATE_INFOPLIST_FILE = YES;
				INFOPLIST_FILE = TodoList/Info.plist;
				INFOPLIST_KEY_CFBundleDisplayName = TodoList;
				INFOPLIST_KEY_NSHumanReadableCopyright = "";
				LD_RUNPATH_SEARCH_PATHS = (
					"$(inherited)",
					"@executable_path/Frameworks",
					"@executable_path/../../Frameworks",
				);
				MARKETING_VERSION = 1.0;
				PRODUCT_BUNDLE_IDENTIFIER = ru.azharkova.todo.TodoList;
				PRODUCT_NAME = "$(TARGET_NAME)";
				SKIP_INSTALL = YES;
				SWIFT_EMIT_LOC_STRINGS = YES;
				SWIFT_VERSION = 5.0;
				TARGETED_DEVICE_FAMILY = "1,2";
			};
			name = Release;
		};
/* End XCBuildConfiguration section */

/* Begin XCConfigurationList section */
		1DF075AF282B77DC00F5CA27 /* Build configuration list for PBXProject "todo" */ = {
			isa = XCConfigurationList;
			buildConfigurations = (
				1DF075C0282B77DE00F5CA27 /* Debug */,
				1DF075C1282B77DE00F5CA27 /* Release */,
			);
			defaultConfigurationIsVisible = 0;
			defaultConfigurationName = Release;
		};
		1DF075C2282B77DE00F5CA27 /* Build configuration list for PBXNativeTarget "todo" */ = {
			isa = XCConfigurationList;
			buildConfigurations = (
				1DF075C3282B77DE00F5CA27 /* Debug */,
				1DF075C4282B77DE00F5CA27 /* Release */,
			);
			defaultConfigurationIsVisible = 0;
			defaultConfigurationName = Release;
		};
		1DF07681282C312300F5CA27 /* Build configuration list for PBXNativeTarget "TodoListExtension" */ = {
			isa = XCConfigurationList;
			buildConfigurations = (
				1DF07682282C312300F5CA27 /* Debug */,
				1DF07683282C312300F5CA27 /* Release */,
			);
			defaultConfigurationIsVisible = 0;
			defaultConfigurationName = Release;
		};
/* End XCConfigurationList section */

/* Begin XCRemoteSwiftPackageReference section */
		1DF075C5282B77EE00F5CA27 /* XCRemoteSwiftPackageReference "swiftuinavigator" */ = {
			isa = XCRemoteSwiftPackageReference;
			repositoryURL = "https://github.com/anioutkazharkova/swiftuinavigator";
			requirement = {
				branch = main;
				kind = branch;
			};
		};
/* End XCRemoteSwiftPackageReference section */

/* Begin XCSwiftPackageProductDependency section */
		1DF075C6282B77EE00F5CA27 /* SwiftUINavigator */ = {
			isa = XCSwiftPackageProductDependency;
			package = 1DF075C5282B77EE00F5CA27 /* XCRemoteSwiftPackageReference "swiftuinavigator" */;
			productName = SwiftUINavigator;
		};
/* End XCSwiftPackageProductDependency section */
	};
	rootObject = 1DF075AC282B77DC00F5CA27 /* Project object */;
}
